
Microsoft Visual Studio Solution File, Format Version 12.00
# Visual Studio Version 17
VisualStudioVersion = 17.8.34525.116
MinimumVisualStudioVersion = 10.0.40219.1
Project("{FAE04EC0-301F-11D3-BF4B-00C04F79EFBC}") = "Przełączanie się pomiędzy elementami kolekcji", "Przełączanie się pomiędzy elementami kolekcji.csproj", "{27658BBF-6D1E-46D3-BB48-F597E8F91A61}"
EndProject
Global
	GlobalSection(SolutionConfigurationPlatforms) = preSolution
		Debug|Any CPU = Debug|Any CPU
		Release|Any CPU = Release|Any CPU
	EndGlobalSection
	GlobalSection(ProjectConfigurationPlatforms) = postSolution
		{27658BBF-6D1E-46D3-BB48-F597E8F91A61}.Debug|Any CPU.ActiveCfg = Debug|Any CPU
		{27658BBF-6D1E-46D3-BB48-F597E8F91A61}.Debug|Any CPU.Build.0 = Debug|Any CPU
		{27658BBF-6D1E-46D3-BB48-F597E8F91A61}.Release|Any CPU.ActiveCfg = Release|Any CPU
		{27658BBF-6D1E-46D3-BB48-F597E8F91A61}.Release|Any CPU.Build.0 = Release|Any CPU
	EndGlobalSection
	GlobalSection(SolutionProperties) = preSolution
		HideSolutionNode = FALSE
	EndGlobalSection
	GlobalSection(ExtensibilityGlobals) = postSolution
		SolutionGuid = {9D76F46D-7D7F-42A3-936E-C0025072118A}
	EndGlobalSection
EndGlobal
